
Microsoft Visual Studio Solution File, Format Version 12.00
# Visual Studio Version 17
VisualStudioVersion = 17.5.33516.290
MinimumVisualStudioVersion = 10.0.40219.1
Project("{FAE04EC0-301F-11D3-BF4B-00C04F79EFBC}") = "HanoriMvvm", "HanoriMvvm\HanoriMvvm.csproj", "{667CE737-CFAA-42C2-B363-95BB5BAD9ED1}"
EndProject
Project("{2150E333-8FDC-42A3-9474-1A3956D46DE8}") = "01. Window", "01. Window", "{D40ACDD9-5271-4E28-A155-7F75E37CF86C}"
EndProject
Global
	GlobalSection(SolutionConfigurationPlatforms) = preSolution
		Debug|Any CPU = Debug|Any CPU
		Release|Any CPU = Release|Any CPU
	EndGlobalSection
	GlobalSection(ProjectConfigurationPlatforms) = postSolution
		{667CE737-CFAA-42C2-B363-95BB5BAD9ED1}.Debug|Any CPU.ActiveCfg = Debug|Any CPU
		{667CE737-CFAA-42C2-B363-95BB5BAD9ED1}.Debug|Any CPU.Build.0 = Debug|Any CPU
		{667CE737-CFAA-42C2-B363-95BB5BAD9ED1}.Release|Any CPU.ActiveCfg = Release|Any CPU
		{667CE737-CFAA-42C2-B363-95BB5BAD9ED1}.Release|Any CPU.Build.0 = Release|Any CPU
	EndGlobalSection
	GlobalSection(SolutionProperties) = preSolution
		HideSolutionNode = FALSE
	EndGlobalSection
	GlobalSection(NestedProjects) = preSolution
		{667CE737-CFAA-42C2-B363-95BB5BAD9ED1} = {D40ACDD9-5271-4E28-A155-7F75E37CF86C}
	EndGlobalSection
	GlobalSection(ExtensibilityGlobals) = postSolution
		SolutionGuid = {24580E7F-2444-4897-8F9D-2DC383C4A7C3}
	EndGlobalSection
EndGlobal
